
Microsoft Visual Studio Solution File, Format Version 12.00
# Visual Studio Version 16
VisualStudioVersion = 16.0.32228.343
MinimumVisualStudioVersion = 10.0.40219.1
Project("{8BC9CEB8-8B4A-11D0-8D11-00A0C91BC942}") = "VisualStudio2019", "VisualStudio2019\VisualStudio2019.vcxproj", "{601100F0-AB15-4E38-B06D-1CC87858F4A7}"
EndProject
Project("{8BC9CEB8-8B4A-11D0-8D11-00A0C91BC942}") = "All_Build", "All_Build\All_Build.vcxproj", "{1939137D-B7AB-4F4D-A0CA-4967027D8AEA}"
EndProject
Project("{2150E333-8FDC-42A3-9474-1A3956D46DE8}") = "Genenric_Foundation", "Genenric_Foundation", "{CE6E517C-8A6D-4C60-A341-48937DA3ED95}"
	ProjectSection(SolutionItems) = preProject
		..\..\.gitignore = ..\..\.gitignore
		..\..\LICENSE = ..\..\LICENSE
		..\..\README.md = ..\..\README.md
		..\..\transfer.py = ..\..\transfer.py
	EndProjectSection
EndProject
Project("{2150E333-8FDC-42A3-9474-1A3956D46DE8}") = "platforms", "platforms", "{81875806-4FD1-4F4D-AC52-CE377D787EC7}"
	ProjectSection(SolutionItems) = preProject
		..\execute.py = ..\execute.py
		..\generate.py = ..\generate.py
		..\init.py = ..\init.py
	EndProjectSection
EndProject
Project("{2150E333-8FDC-42A3-9474-1A3956D46DE8}") = "GPP 10", "GPP 10", "{5EEED39A-D782-41E4-A08F-C127B54DFC14}"
	ProjectSection(SolutionItems) = preProject
		..\GPP\CMakeLists.txt = ..\GPP\CMakeLists.txt
		..\GPP\GPP_main.cpp = ..\GPP\GPP_main.cpp
	EndProjectSection
EndProject
Project("{2150E333-8FDC-42A3-9474-1A3956D46DE8}") = "Clang 9", "Clang 9", "{9D477CF8-6506-48FF-965F-A049014DFC1B}"
	ProjectSection(SolutionItems) = preProject
		..\Clang\Clang_main.cpp = ..\Clang\Clang_main.cpp
		..\Clang\CMakeLists.txt = ..\Clang\CMakeLists.txt
	EndProjectSection
EndProject
Project("{2150E333-8FDC-42A3-9474-1A3956D46DE8}") = "VCPP v141", "VCPP v141", "{6E51AAA9-87B1-462B-99EF-5E69F9B065B0}"
	ProjectSection(SolutionItems) = preProject
		..\VCPP\CMakeLists.txt = ..\VCPP\CMakeLists.txt
		..\VCPP\VCPP_main.cpp = ..\VCPP\VCPP_main.cpp
	EndProjectSection
EndProject
Global
	GlobalSection(SolutionConfigurationPlatforms) = preSolution
		Debug|Any CPU = Debug|Any CPU
		Debug|x64 = Debug|x64
		Debug|x86 = Debug|x86
		Release|Any CPU = Release|Any CPU
		Release|x64 = Release|x64
		Release|x86 = Release|x86
	EndGlobalSection
	GlobalSection(ProjectConfigurationPlatforms) = postSolution
		{601100F0-AB15-4E38-B06D-1CC87858F4A7}.Debug|Any CPU.ActiveCfg = Debug|Win32
		{601100F0-AB15-4E38-B06D-1CC87858F4A7}.Debug|x64.ActiveCfg = Debug|x64
		{601100F0-AB15-4E38-B06D-1CC87858F4A7}.Debug|x64.Build.0 = Debug|x64
		{601100F0-AB15-4E38-B06D-1CC87858F4A7}.Debug|x86.ActiveCfg = Debug|Win32
		{601100F0-AB15-4E38-B06D-1CC87858F4A7}.Debug|x86.Build.0 = Debug|Win32
		{601100F0-AB15-4E38-B06D-1CC87858F4A7}.Release|Any CPU.ActiveCfg = Release|Win32
		{601100F0-AB15-4E38-B06D-1CC87858F4A7}.Release|x64.ActiveCfg = Release|x64
		{601100F0-AB15-4E38-B06D-1CC87858F4A7}.Release|x64.Build.0 = Release|x64
		{601100F0-AB15-4E38-B06D-1CC87858F4A7}.Release|x86.ActiveCfg = Release|Win32
		{601100F0-AB15-4E38-B06D-1CC87858F4A7}.Release|x86.Build.0 = Release|Win32
		{1939137D-B7AB-4F4D-A0CA-4967027D8AEA}.Debug|Any CPU.ActiveCfg = Debug|Win32
		{1939137D-B7AB-4F4D-A0CA-4967027D8AEA}.Debug|x64.ActiveCfg = Debug|x64
		{1939137D-B7AB-4F4D-A0CA-4967027D8AEA}.Debug|x64.Build.0 = Debug|x64
		{1939137D-B7AB-4F4D-A0CA-4967027D8AEA}.Debug|x86.ActiveCfg = Debug|Win32
		{1939137D-B7AB-4F4D-A0CA-4967027D8AEA}.Debug|x86.Build.0 = Debug|Win32
		{1939137D-B7AB-4F4D-A0CA-4967027D8AEA}.Release|Any CPU.ActiveCfg = Release|Win32
		{1939137D-B7AB-4F4D-A0CA-4967027D8AEA}.Release|x64.ActiveCfg = Release|x64
		{1939137D-B7AB-4F4D-A0CA-4967027D8AEA}.Release|x64.Build.0 = Release|x64
		{1939137D-B7AB-4F4D-A0CA-4967027D8AEA}.Release|x86.ActiveCfg = Release|Win32
		{1939137D-B7AB-4F4D-A0CA-4967027D8AEA}.Release|x86.Build.0 = Release|Win32
	EndGlobalSection
	GlobalSection(SolutionProperties) = preSolution
		HideSolutionNode = FALSE
	EndGlobalSection
	GlobalSection(NestedProjects) = preSolution
		{81875806-4FD1-4F4D-AC52-CE377D787EC7} = {CE6E517C-8A6D-4C60-A341-48937DA3ED95}
		{5EEED39A-D782-41E4-A08F-C127B54DFC14} = {81875806-4FD1-4F4D-AC52-CE377D787EC7}
		{9D477CF8-6506-48FF-965F-A049014DFC1B} = {81875806-4FD1-4F4D-AC52-CE377D787EC7}
		{6E51AAA9-87B1-462B-99EF-5E69F9B065B0} = {81875806-4FD1-4F4D-AC52-CE377D787EC7}
	EndGlobalSection
	GlobalSection(ExtensibilityGlobals) = postSolution
		SolutionGuid = {924DADF7-8E69-4A58-9A96-C4373DBEF128}
	EndGlobalSection
EndGlobal
